schema: '2.0'
stages:
  process_data:
    cmd: python3 process_data.py
    deps:
    - path: data/IMDB_movie_ratings_sentiment.csv
      md5: 6efb5da809df99140316dd09dbb42078
      size: 52724248
    - path: process_data.py
      md5: fe498c9818527b62f0e89f312a0683bb
      size: 1623
    outs:
    - path: data/processed/X_test.txt
      md5: 747e635c34d464e43cfc7d45b10eb111
      size: 10547257
    - path: data/processed/X_train.txt
      md5: 59bd2dbeaa44217066db6c7f16898155
      size: 41913866
    - path: data/processed/y_test.txt
      md5: 3d3265ecb72bdbee776b46ba6daa7efa
      size: 16000
    - path: data/processed/y_train.txt
      md5: d2b57ef592571b5d810fb99fa3d41f34
      size: 64000
  train:
    cmd: python3 train_sklearn.py
    deps:
    - path: data/processed/X_test.txt
      md5: 747e635c34d464e43cfc7d45b10eb111
      size: 10547257
    - path: data/processed/X_train.txt
      md5: 59bd2dbeaa44217066db6c7f16898155
      size: 41913866
    - path: data/processed/y_test.txt
      md5: 3d3265ecb72bdbee776b46ba6daa7efa
      size: 16000
    - path: data/processed/y_train.txt
      md5: d2b57ef592571b5d810fb99fa3d41f34
      size: 64000
    - path: train_sklearn.py
      md5: 861a998e60228d656e862817d5e33cbe
      size: 2753
    outs:
    - path: models/model.joblib
      md5: 4779bb443094a6a2a769f0e304e45d3c
      size: 1704839
    - path: results/metrics.json
      md5: db2d7e2f65ef4163a1bf6d2abe174625
      size: 19
